
Microsoft Visual Studio Solution File, Format Version 12.00
# Visual Studio Version 17
VisualStudioVersion = 17.0.31912.275
MinimumVisualStudioVersion = 10.0.40219.1
Project("{8BC9CEB8-8B4A-11D0-8D11-00A0C91BC942}") = "1kL14-2021-2", "1kL14-2021-2\1kL14-2021-2.vcxproj", "{838C2D4B-11CD-498E-B7D0-D0E4074366FF}"
EndProject
Global
	GlobalSection(SolutionConfigurationPlatforms) = preSolution
		Debug|x64 = Debug|x64
		Debug|x86 = Debug|x86
		Release|x64 = Release|x64
		Release|x86 = Release|x86
	EndGlobalSection
	GlobalSection(ProjectConfigurationPlatforms) = postSolution
		{838C2D4B-11CD-498E-B7D0-D0E4074366FF}.Debug|x64.ActiveCfg = Debug|x64
		{838C2D4B-11CD-498E-B7D0-D0E4074366FF}.Debug|x64.Build.0 = Debug|x64
		{838C2D4B-11CD-498E-B7D0-D0E4074366FF}.Debug|x86.ActiveCfg = Debug|Win32
		{838C2D4B-11CD-498E-B7D0-D0E4074366FF}.Debug|x86.Build.0 = Debug|Win32
		{838C2D4B-11CD-498E-B7D0-D0E4074366FF}.Release|x64.ActiveCfg = Release|x64
		{838C2D4B-11CD-498E-B7D0-D0E4074366FF}.Release|x64.Build.0 = Release|x64
		{838C2D4B-11CD-498E-B7D0-D0E4074366FF}.Release|x86.ActiveCfg = Release|Win32
		{838C2D4B-11CD-498E-B7D0-D0E4074366FF}.Release|x86.Build.0 = Release|Win32
	EndGlobalSection
	GlobalSection(SolutionProperties) = preSolution
		HideSolutionNode = FALSE
	EndGlobalSection
	GlobalSection(ExtensibilityGlobals) = postSolution
		SolutionGuid = {BADDA619-C6D0-437A-97D2-A066CA85BB48}
	EndGlobalSection
EndGlobal
